// !$*UTF8*$!
{
	archiveVersion = 1;
	classes = {
	};
	objectVersion = 46;
	objects = {

/* Begin PBXBuildFile section */
		212E0AFF1F1A3F59001F1036 /* UIImageViewX.swift in Sources */ = {isa = PBXBuildFile; fileRef = 212E0AFE1F1A3F59001F1036 /* UIImageViewX.swift */; };
		213678161F0D5ECD006DDF50 /* AppDelegate.swift in Sources */ = {isa = PBXBuildFile; fileRef = 213678151F0D5ECD006DDF50 /* AppDelegate.swift */; };
		2136781B1F0D5ECD006DDF50 /* Main.storyboard in Resources */ = {isa = PBXBuildFile; fileRef = 213678191F0D5ECD006DDF50 /* Main.storyboard */; };
		2136781D1F0D5ECD006DDF50 /* Assets.xcassets in Resources */ = {isa = PBXBuildFile; fileRef = 2136781C1F0D5ECD006DDF50 /* Assets.xcassets */; };
		213678201F0D5ECD006DDF50 /* LaunchScreen.storyboard in Resources */ = {isa = PBXBuildFile; fileRef = 2136781E1F0D5ECD006DDF50 /* LaunchScreen.storyboard */; };
		2136782B1F0D60C0006DDF50 /* ViewController.swift in Sources */ = {isa = PBXBuildFile; fileRef = 2136782A1F0D60C0006DDF50 /* ViewController.swift */; };
		2136782D1F0D6112006DDF50 /* TableViewCell.swift in Sources */ = {isa = PBXBuildFile; fileRef = 2136782C1F0D6112006DDF50 /* TableViewCell.swift */; };
		2136782F1F0D6398006DDF50 /* Data.swift in Sources */ = {isa = PBXBuildFile; fileRef = 2136782E1F0D6398006DDF50 /* Data.swift */; };
		213678311F0D6552006DDF50 /* Model.swift in Sources */ = {isa = PBXBuildFile; fileRef = 213678301F0D6552006DDF50 /* Model.swift */; };
		217766401F190DC1002CD833 /* DayWeather.swift in Sources */ = {isa = PBXBuildFile; fileRef = 2177663F1F190DC1002CD833 /* DayWeather.swift */; };
		217766421F191BAC002CD833 /* Oxygen-Regular.ttf in Resources */ = {isa = PBXBuildFile; fileRef = 217766411F191BAC002CD833 /* Oxygen-Regular.ttf */; };
		217766441F191BBE002CD833 /* Ubuntu-Regular.ttf in Resources */ = {isa = PBXBuildFile; fileRef = 217766431F191BBE002CD833 /* Ubuntu-Regular.ttf */; };
		21DE32DD1F165075005D06FA /* UIButtonX.swift in Sources */ = {isa = PBXBuildFile; fileRef = 21DE32DC1F165075005D06FA /* UIButtonX.swift */; };
		21DE32DF1F16530A005D06FA /* FloatingButton.swift in Sources */ = {isa = PBXBuildFile; fileRef = 21DE32DE1F16530A005D06FA /* FloatingButton.swift */; };
		21DE32E11F166C04005D06FA /* UIViewX.swift in Sources */ = {isa = PBXBuildFile; fileRef = 21DE32E01F166C04005D06FA /* UIViewX.swift */; };
/* End PBXBuildFile section */

/* Begin PBXFileReference section */
		212E0AFE1F1A3F59001F1036 /* UIImageViewX.swift */ = {isa = PBXFileReference; lastKnownFileType = sourcecode.swift; path = UIImageViewX.swift; sourceTree = "<group>"; };
		213678121F0D5ECD006DDF50 /* PrototypeUIApp.app */ = {isa = PBXFileReference; explicitFileType = wrapper.application; includeInIndex = 0; path = PrototypeUIApp.app; sourceTree = BUILT_PRODUCTS_DIR; };
		213678151F0D5ECD006DDF50 /* AppDelegate.swift */ = {isa = PBXFileReference; lastKnownFileType = sourcecode.swift; path = AppDelegate.swift; sourceTree = "<group>"; };
		2136781A1F0D5ECD006DDF50 /* Base */ = {isa = PBXFileReference; lastKnownFileType = file.storyboard; name = Base; path = Base.lproj/Main.storyboard; sourceTree = "<group>"; };
		2136781C1F0D5ECD006DDF50 /* Assets.xcassets */ = {isa = PBXFileReference; lastKnownFileType = folder.assetcatalog; path = Assets.xcassets; sourceTree = "<group>"; };
		2136781F1F0D5ECD006DDF50 /* Base */ = {isa = PBXFileReference; lastKnownFileType = file.storyboard; name = Base; path = Base.lproj/LaunchScreen.storyboard; sourceTree = "<group>"; };
		213678211F0D5ECD006DDF50 /* Info.plist */ = {isa = PBXFileReference; lastKnownFileType = text.plist.xml; path = Info.plist; sourceTree = "<group>"; };
		2136782A1F0D60C0006DDF50 /* ViewController.swift */ = {isa = PBXFileReference; fileEncoding = 4; lastKnownFileType = sourcecode.swift; path = ViewController.swift; sourceTree = "<group>"; };
		2136782C1F0D6112006DDF50 /* TableViewCell.swift */ = {isa = PBXFileReference; fileEncoding = 4; lastKnownFileType = sourcecode.swift; path = TableViewCell.swift; sourceTree = "<group>"; };
		2136782E1F0D6398006DDF50 /* Data.swift */ = {isa = PBXFileReference; fileEncoding = 4; lastKnownFileType = sourcecode.swift; path = Data.swift; sourceTree = "<group>"; };
		213678301F0D6552006DDF50 /* Model.swift */ = {isa = PBXFileReference; fileEncoding = 4; lastKnownFileType = sourcecode.swift; path = Model.swift; sourceTree = "<group>"; };
		2177663F1F190DC1002CD833 /* DayWeather.swift */ = {isa = PBXFileReference; fileEncoding = 4; lastKnownFileType = sourcecode.swift; path = DayWeather.swift; sourceTree = "<group>"; };
		217766411F191BAC002CD833 /* Oxygen-Regular.ttf */ = {isa = PBXFileReference; lastKnownFileType = file; path = "Oxygen-Regular.ttf"; sourceTree = "<group>"; };
		217766431F191BBE002CD833 /* Ubuntu-Regular.ttf */ = {isa = PBXFileReference; lastKnownFileType = file; path = "Ubuntu-Regular.ttf"; sourceTree = "<group>"; };
		21DE32DC1F165075005D06FA /* UIButtonX.swift */ = {isa = PBXFileReference; fileEncoding = 4; lastKnownFileType = sourcecode.swift; path = UIButtonX.swift; sourceTree = "<group>"; };
		21DE32DE1F16530A005D06FA /* FloatingButton.swift */ = {isa = PBXFileReference; fileEncoding = 4; lastKnownFileType = sourcecode.swift; path = FloatingButton.swift; sourceTree = "<group>"; };
		21DE32E01F166C04005D06FA /* UIViewX.swift */ = {isa = PBXFileReference; fileEncoding = 4; lastKnownFileType = sourcecode.swift; path = UIViewX.swift; sourceTree = "<group>"; };
/* End PBXFileReference section */

/* Begin PBXFrameworksBuildPhase section */
		2136780F1F0D5ECD006DDF50 /* Frameworks */ = {
			isa = PBXFrameworksBuildPhase;
			buildActionMask = 2147483647;
			files = (
			);
			runOnlyForDeploymentPostprocessing = 0;
		};
/* End PBXFrameworksBuildPhase section */

/* Begin PBXGroup section */
		213678091F0D5ECD006DDF50 = {
			isa = PBXGroup;
			children = (
				213678141F0D5ECD006DDF50 /* PrototypeUIApp */,
				213678131F0D5ECD006DDF50 /* Products */,
			);
			sourceTree = "<group>";
		};
		213678131F0D5ECD006DDF50 /* Products */ = {
			isa = PBXGroup;
			children = (
				213678121F0D5ECD006DDF50 /* PrototypeUIApp.app */,
			);
			name = Products;
			sourceTree = "<group>";
		};
		213678141F0D5ECD006DDF50 /* PrototypeUIApp */ = {
			isa = PBXGroup;
			children = (
				21DE32DB1F164FED005D06FA /* Designables */,
				213678321F0D6F9D006DDF50 /* Resources */,
				213678271F0D608B006DDF50 /* Model */,
				213678281F0D6095006DDF50 /* View */,
				213678291F0D60A2006DDF50 /* Controller */,
				2136781C1F0D5ECD006DDF50 /* Assets.xcassets */,
				213678211F0D5ECD006DDF50 /* Info.plist */,
			);
			path = PrototypeUIApp;
			sourceTree = "<group>";
		};
		213678271F0D608B006DDF50 /* Model */ = {
			isa = PBXGroup;
			children = (
				2136782E1F0D6398006DDF50 /* Data.swift */,
				213678301F0D6552006DDF50 /* Model.swift */,
				2177663F1F190DC1002CD833 /* DayWeather.swift */,
			);
			name = Model;
			sourceTree = "<group>";
		};
		213678281F0D6095006DDF50 /* View */ = {
			isa = PBXGroup;
			children = (
				2136781E1F0D5ECD006DDF50 /* LaunchScreen.storyboard */,
				213678191F0D5ECD006DDF50 /* Main.storyboard */,
				2136782C1F0D6112006DDF50 /* TableViewCell.swift */,
			);
			name = View;
			sourceTree = "<group>";
		};
		213678291F0D60A2006DDF50 /* Controller */ = {
			isa = PBXGroup;
			children = (
				2136782A1F0D60C0006DDF50 /* ViewController.swift */,
				213678151F0D5ECD006DDF50 /* AppDelegate.swift */,
			);
			name = Controller;
			sourceTree = "<group>";
		};
		213678321F0D6F9D006DDF50 /* Resources */ = {
			isa = PBXGroup;
			children = (
				217766431F191BBE002CD833 /* Ubuntu-Regular.ttf */,
				217766411F191BAC002CD833 /* Oxygen-Regular.ttf */,
				21DE32DE1F16530A005D06FA /* FloatingButton.swift */,
			);
			name = Resources;
			sourceTree = "<group>";
		};
		21DE32DB1F164FED005D06FA /* Designables */ = {
			isa = PBXGroup;
			children = (
				21DE32DC1F165075005D06FA /* UIButtonX.swift */,
				21DE32E01F166C04005D06FA /* UIViewX.swift */,
				212E0AFE1F1A3F59001F1036 /* UIImageViewX.swift */,
			);
			name = Designables;
			sourceTree = "<group>";
		};
/* End PBXGroup section */

/* Begin PBXNativeTarget section */
		213678111F0D5ECD006DDF50 /* PrototypeUIApp */ = {
			isa = PBXNativeTarget;
			buildConfigurationList = 213678241F0D5ECD006DDF50 /* Build configuration list for PBXNativeTarget "PrototypeUIApp" */;
			buildPhases = (
				2136780E1F0D5ECD006DDF50 /* Sources */,
				2136780F1F0D5ECD006DDF50 /* Frameworks */,
				213678101F0D5ECD006DDF50 /* Resources */,
			);
			buildRules = (
			);
			dependencies = (
			);
			name = PrototypeUIApp;
			productName = PrototypeUIApp;
			productReference = 213678121F0D5ECD006DDF50 /* PrototypeUIApp.app */;
			productType = "com.apple.product-type.application";
		};
/* End PBXNativeTarget section */

/* Begin PBXProject section */
		2136780A1F0D5ECD006DDF50 /* Project object */ = {
			isa = PBXProject;
			attributes = {
				LastSwiftUpdateCheck = 0830;
				LastUpgradeCheck = 0830;
				ORGANIZATIONNAME = ArchieApps;
				TargetAttributes = {
					213678111F0D5ECD006DDF50 = {
						CreatedOnToolsVersion = 8.3.3;
						DevelopmentTeam = V8T6EH88N4;
						ProvisioningStyle = Automatic;
					};
				};
			};
			buildConfigurationList = 2136780D1F0D5ECD006DDF50 /* Build configuration list for PBXProject "PrototypeUIApp" */;
			compatibilityVersion = "Xcode 3.2";
			developmentRegion = English;
			hasScannedForEncodings = 0;
			knownRegions = (
				en,
				Base,
			);
			mainGroup = 213678091F0D5ECD006DDF50;
			productRefGroup = 213678131F0D5ECD006DDF50 /* Products */;
			projectDirPath = "";
			projectRoot = "";
			targets = (
				213678111F0D5ECD006DDF50 /* PrototypeUIApp */,
			);
		};
/* End PBXProject section */

/* Begin PBXResourcesBuildPhase section */
		213678101F0D5ECD006DDF50 /* Resources */ = {
			isa = PBXResourcesBuildPhase;
			buildActionMask = 2147483647;
			files = (
				213678201F0D5ECD006DDF50 /* LaunchScreen.storyboard in Resources */,
				2136781D1F0D5ECD006DDF50 /* Assets.xcassets in Resources */,
				2136781B1F0D5ECD006DDF50 /* Main.storyboard in Resources */,
				217766441F191BBE002CD833 /* Ubuntu-Regular.ttf in Resources */,
				217766421F191BAC002CD833 /* Oxygen-Regular.ttf in Resources */,
			);
			runOnlyForDeploymentPostprocessing = 0;
		};
/* End PBXResourcesBuildPhase section */

/* Begin PBXSourcesBuildPhase section */
		2136780E1F0D5ECD006DDF50 /* Sources */ = {
			isa = PBXSourcesBuildPhase;
			buildActionMask = 2147483647;
			files = (
				213678311F0D6552006DDF50 /* Model.swift in Sources */,
				212E0AFF1F1A3F59001F1036 /* UIImageViewX.swift in Sources */,
				217766401F190DC1002CD833 /* DayWeather.swift in Sources */,
				21DE32E11F166C04005D06FA /* UIViewX.swift in Sources */,
				2136782D1F0D6112006DDF50 /* TableViewCell.swift in Sources */,
				21DE32DF1F16530A005D06FA /* FloatingButton.swift in Sources */,
				21DE32DD1F165075005D06FA /* UIButtonX.swift in Sources */,
				2136782B1F0D60C0006DDF50 /* ViewController.swift in Sources */,
				213678161F0D5ECD006DDF50 /* AppDelegate.swift in Sources */,
				2136782F1F0D6398006DDF50 /* Data.swift in Sources */,
			);
			runOnlyForDeploymentPostprocessing = 0;
		};
/* End PBXSourcesBuildPhase section */

/* Begin PBXVariantGroup section */
		213678191F0D5ECD006DDF50 /* Main.storyboard */ = {
			isa = PBXVariantGroup;
			children = (
				2136781A1F0D5ECD006DDF50 /* Base */,
			);
			name = Main.storyboard;
			sourceTree = "<group>";
		};
		2136781E1F0D5ECD006DDF50 /* LaunchScreen.storyboard */ = {
			isa = PBXVariantGroup;
			children = (
				2136781F1F0D5ECD006DDF50 /* Base */,
			);
			name = LaunchScreen.storyboard;
			sourceTree = "<group>";
		};
/* End PBXVariantGroup section */

/* Begin XCBuildConfiguration section */
		213678221F0D5ECD006DDF50 /* Debug */ = {
			isa = XCBuildConfiguration;
			buildSettings = {
				ALWAYS_SEARCH_USER_PATHS = NO;
				CLANG_ANALYZER_NONNULL = YES;
				CLANG_ANALYZER_NUMBER_OBJECT_CONVERSION = YES_AGGRESSIVE;
				CLANG_CXX_LANGUAGE_STANDARD = "gnu++0x";
				CLANG_CXX_LIBRARY = "libc++";
				CLANG_ENABLE_MODULES = YES;
				CLANG_ENABLE_OBJC_ARC = YES;
				CLANG_WARN_BOOL_CONVERSION = YES;
				CLANG_WARN_CONSTANT_CONVERSION = YES;
				CLANG_WARN_DIRECT_OBJC_ISA_USAGE = YES_ERROR;
				CLANG_WARN_DOCUMENTATION_COMMENTS = YES;
				CLANG_WARN_EMPTY_BODY = YES;
				CLANG_WARN_ENUM_CONVERSION = YES;
				CLANG_WARN_INFINITE_RECURSION = YES;
				CLANG_WARN_INT_CONVERSION = YES;
				CLANG_WARN_OBJC_ROOT_CLASS = YES_ERROR;
				CLANG_WARN_SUSPICIOUS_MOVE = YES;
				CLANG_WARN_UNREACHABLE_CODE = YES;
				CLANG_WARN__DUPLICATE_METHOD_MATCH = YES;
				"CODE_SIGN_IDENTITY[sdk=iphoneos*]" = "iPhone Developer";
				COPY_PHASE_STRIP = NO;
				DEBUG_INFORMATION_FORMAT = dwarf;
				ENABLE_STRICT_OBJC_MSGSEND = YES;
				ENABLE_TESTABILITY = YES;
				GCC_C_LANGUAGE_STANDARD = gnu99;
				GCC_DYNAMIC_NO_PIC = NO;
				GCC_NO_COMMON_BLOCKS = YES;
				GCC_OPTIMIZATION_LEVEL = 0;
				GCC_PREPROCESSOR_DEFINITIONS = (
					"DEBUG=1",
					"$(inherited)",
				);
				GCC_WARN_64_TO_32_BIT_CONVERSION = YES;
				GCC_WARN_ABOUT_RETURN_TYPE = YES_ERROR;
				GCC_WARN_UNDECLARED_SELECTOR = YES;
				GCC_WARN_UNINITIALIZED_AUTOS = YES_AGGRESSIVE;
				GCC_WARN_UNUSED_FUNCTION = YES;
				GCC_WARN_UNUSED_VARIABLE = YES;
				IPHONEOS_DEPLOYMENT_TARGET = 10.3;
				MTL_ENABLE_DEBUG_INFO = YES;
				ONLY_ACTIVE_ARCH = YES;
				SDKROOT = iphoneos;
				SWIFT_ACTIVE_COMPILATION_CONDITIONS = DEBUG;
				SWIFT_OPTIMIZATION_LEVEL = "-Onone";
				TARGETED_DEVICE_FAMILY = "1,2";
			};
			name = Debug;
		};
		213678231F0D5ECD006DDF50 /* Release */ = {
			isa = XCBuildConfiguration;
			buildSettings = {
				ALWAYS_SEARCH_USER_PATHS = NO;
				CLANG_ANALYZER_NONNULL = YES;
				CLANG_ANALYZER_NUMBER_OBJECT_CONVERSION = YES_AGGRESSIVE;
				CLANG_CXX_LANGUAGE_STANDARD = "gnu++0x";
				CLANG_CXX_LIBRARY = "libc++";
				CLANG_ENABLE_MODULES = YES;
				CLANG_ENABLE_OBJC_ARC = YES;
				CLANG_WARN_BOOL_CONVERSION = YES;
				CLANG_WARN_CONSTANT_CONVERSION = YES;
				CLANG_WARN_DIRECT_OBJC_ISA_USAGE = YES_ERROR;
				CLANG_WARN_DOCUMENTATION_COMMENTS = YES;
				CLANG_WARN_EMPTY_BODY = YES;
				CLANG_WARN_ENUM_CONVERSION = YES;
				CLANG_WARN_INFINITE_RECURSION = YES;
				CLANG_WARN_INT_CONVERSION = YES;
				CLANG_WARN_OBJC_ROOT_CLASS = YES_ERROR;
				CLANG_WARN_SUSPICIOUS_MOVE = YES;
				CLANG_WARN_UNREACHABLE_CODE = YES;
				CLANG_WARN__DUPLICATE_METHOD_MATCH = YES;
				"CODE_SIGN_IDENTITY[sdk=iphoneos*]" = "iPhone Developer";
				COPY_PHASE_STRIP = NO;
				DEBUG_INFORMATION_FORMAT = "dwarf-with-dsym";
				ENABLE_NS_ASSERTIONS = NO;
				ENABLE_STRICT_OBJC_MSGSEND = YES;
				GCC_C_LANGUAGE_STANDARD = gnu99;
				GCC_NO_COMMON_BLOCKS = YES;
				GCC_WARN_64_TO_32_BIT_CONVERSION = YES;
				GCC_WARN_ABOUT_RETURN_TYPE = YES_ERROR;
				GCC_WARN_UNDECLARED_SELECTOR = YES;
				GCC_WARN_UNINITIALIZED_AUTOS = YES_AGGRESSIVE;
				GCC_WARN_UNUSED_FUNCTION = YES;
				GCC_WARN_UNUSED_VARIABLE = YES;
				IPHONEOS_DEPLOYMENT_TARGET = 10.3;
				MTL_ENABLE_DEBUG_INFO = NO;
				SDKROOT = iphoneos;
				SWIFT_OPTIMIZATION_LEVEL = "-Owholemodule";
				TARGETED_DEVICE_FAMILY = "1,2";
				VALIDATE_PRODUCT = YES;
			};
			name = Release;
		};
		213678251F0D5ECD006DDF50 /* Debug */ = {
			isa = XCBuildConfiguration;
			buildSettings = {
				ASSETCATALOG_COMPILER_APPICON_NAME = AppIcon;
				DEVELOPMENT_TEAM = V8T6EH88N4;
				INFOPLIST_FILE = PrototypeUIApp/Info.plist;
				IPHONEOS_DEPLOYMENT_TARGET = 10.3;
				LD_RUNPATH_SEARCH_PATHS = "$(inherited) @executable_path/Frameworks";
				PRODUCT_BUNDLE_IDENTIFIER = Archie.PrototypeUIApp;
				PRODUCT_NAME = "$(TARGET_NAME)";
				SWIFT_VERSION = 3.0;
			};
			name = Debug;
		};
		213678261F0D5ECD006DDF50 /* Release */ = {
			isa = XCBuildConfiguration;
			buildSettings = {
				ASSETCATALOG_COMPILER_APPICON_NAME = AppIcon;
				DEVELOPMENT_TEAM = V8T6EH88N4;
				INFOPLIST_FILE = PrototypeUIApp/Info.plist;
				IPHONEOS_DEPLOYMENT_TARGET = 10.3;
				LD_RUNPATH_SEARCH_PATHS = "$(inherited) @executable_path/Frameworks";
				PRODUCT_BUNDLE_IDENTIFIER = Archie.PrototypeUIApp;
				PRODUCT_NAME = "$(TARGET_NAME)";
				SWIFT_VERSION = 3.0;
			};
			name = Release;
		};
/* End XCBuildConfiguration section */

/* Begin XCConfigurationList section */
		2136780D1F0D5ECD006DDF50 /* Build configuration list for PBXProject "PrototypeUIApp" */ = {
			isa = XCConfigurationList;
			buildConfigurations = (
				213678221F0D5ECD006DDF50 /* Debug */,
				213678231F0D5ECD006DDF50 /* Release */,
			);
			defaultConfigurationIsVisible = 0;
			defaultConfigurationName = Release;
		};
		213678241F0D5ECD006DDF50 /* Build configuration list for PBXNativeTarget "PrototypeUIApp" */ = {
			isa = XCConfigurationList;
			buildConfigurations = (
				213678251F0D5ECD006DDF50 /* Debug */,
				213678261F0D5ECD006DDF50 /* Release */,
			);
			defaultConfigurationIsVisible = 0;
			defaultConfigurationName = Release;
		};
/* End XCConfigurationList section */
	};
	rootObject = 2136780A1F0D5ECD006DDF50 /* Project object */;
}
